{
	"name": "@craco/craco",
	"version": "1.0.0-alpha.9",
	"lockfileVersion": 1,
	"requires": true,
	"dependencies": {
		"cross-spawn": {
			"version": "6.0.5",
			"resolved": "https://registry.npmjs.org/cross-spawn/-/cross-spawn-6.0.5.tgz",
			"integrity": "sha512-eTVLrBSt7fjbDygz805pMnstIs2VTBNkRm0qxZd+M7A5XDdxVRWO5MxGBXZhjY4cqLYLdtrGqRf8mBPmzwSpWQ==",
			"requires": {
				"nice-try": "^1.0.4",
				"path-key": "^2.0.1",
				"semver": "^5.5.0",
				"shebang-command": "^1.2.0",
				"which": "^1.2.9"
			}
		},
		"isexe": {
			"version": "2.0.0",
			"resolved": "https://registry.npmjs.org/isexe/-/isexe-2.0.0.tgz",
			"integrity": "sha1-6PvzdNxVb/iUehDcsFctYz8s+hA="
		},
		"lodash": {
			"version": "4.17.11",
			"resolved": "https://registry.npmjs.org/lodash/-/lodash-4.17.11.tgz",
			"integrity": "sha512-cQKh8igo5QUhZ7lg38DYWAxMvjSAKG0A8wGSVimP07SIUEK2UO+arSRKbRZWtelMtN5V0Hkwh5ryOto/SshYIg=="
		},
		"lodash.mergewith": {
			"version": "4.6.1",
			"resolved": "https://registry.npmjs.org/lodash.mergewith/-/lodash.mergewith-4.6.1.tgz",
			"integrity": "sha512-eWw5r+PYICtEBgrBE5hhlT6aAa75f411bgDz/ZL2KZqYV03USvucsxcHUIlGTDTECs1eunpI7HOV7U+WLDvNdQ=="
		},
		"nice-try": {
			"version": "1.0.5",
			"resolved": "https://registry.npmjs.org/nice-try/-/nice-try-1.0.5.tgz",
			"integrity": "sha512-1nh45deeb5olNY7eX82BkPO7SSxR5SSYJiPTrTdFUVYwAl8CKMA5N9PjTYkHiRjisVcxcQ1HXdLhx2qxxJzLNQ=="
		},
		"path-key": {
			"version": "2.0.1",
			"resolved": "https://registry.npmjs.org/path-key/-/path-key-2.0.1.tgz",
			"integrity": "sha1-QRyttXTFoUDTpLGRDUDYDMn0C0A="
		},
		"semver": {
			"version": "5.6.0",
			"resolved": "https://registry.npmjs.org/semver/-/semver-5.6.0.tgz",
			"integrity": "sha512-RS9R6R35NYgQn++fkDWaOmqGoj4Ek9gGs+DPxNUZKuwE183xjJroKvyo1IzVFeXvUrvmALy6FWD5xrdJT25gMg=="
		},
		"shebang-command": {
			"version": "1.2.0",
			"resolved": "https://registry.npmjs.org/shebang-command/-/shebang-command-1.2.0.tgz",
			"integrity": "sha1-RKrGW2lbAzmJaMOfNj/uXer98eo=",
			"requires": {
				"shebang-regex": "^1.0.0"
			}
		},
		"shebang-regex": {
			"version": "1.0.0",
			"resolved": "https://registry.npmjs.org/shebang-regex/-/shebang-regex-1.0.0.tgz",
			"integrity": "sha1-2kL0l0DAtC2yypcoVxyxkMmO/qM="
		},
		"webpack-merge": {
			"version": "4.1.4",
			"resolved": "https://registry.npmjs.org/webpack-merge/-/webpack-merge-4.1.4.tgz",
			"integrity": "sha512-TmSe1HZKeOPey3oy1Ov2iS3guIZjWvMT2BBJDzzT5jScHTjVC3mpjJofgueEzaEd6ibhxRDD6MIblDr8tzh8iQ==",
			"requires": {
				"lodash": "^4.17.5"
			}
		},
		"which": {
			"version": "1.3.1",
			"resolved": "https://registry.npmjs.org/which/-/which-1.3.1.tgz",
			"integrity": "sha512-HxJdYWq1MTIQbJ3nw0cqssHoTNU267KlrDuGZ1WYlxDStUtKUhOaJmh112/TZmHxxUfuJqPXSOm7tDyas0OSIQ==",
			"requires": {
				"isexe": "^2.0.0"
			}
		}
	}
}
